
Microsoft Visual Studio Solution File, Format Version 12.00
# Visual Studio Version 16
VisualStudioVersion = 16.0.31911.196
MinimumVisualStudioVersion = 10.0.40219.1
Project("{FAE04EC0-301F-11D3-BF4B-00C04F79EFBC}") = "Salon_krasoti", "Salon_krasoti\Salon_krasoti.csproj", "{06BD0CB7-3A95-45C7-93D2-43F1223B936F}"
EndProject
Global
	GlobalSection(SolutionConfigurationPlatforms) = preSolution
		Debug|Any CPU = Debug|Any CPU
		Release|Any CPU = Release|Any CPU
	EndGlobalSection
	GlobalSection(ProjectConfigurationPlatforms) = postSolution
		{06BD0CB7-3A95-45C7-93D2-43F1223B936F}.Debug|Any CPU.ActiveCfg = Debug|Any CPU
		{06BD0CB7-3A95-45C7-93D2-43F1223B936F}.Debug|Any CPU.Build.0 = Debug|Any CPU
		{06BD0CB7-3A95-45C7-93D2-43F1223B936F}.Release|Any CPU.ActiveCfg = Release|Any CPU
		{06BD0CB7-3A95-45C7-93D2-43F1223B936F}.Release|Any CPU.Build.0 = Release|Any CPU
	EndGlobalSection
	GlobalSection(SolutionProperties) = preSolution
		HideSolutionNode = FALSE
	EndGlobalSection
	GlobalSection(ExtensibilityGlobals) = postSolution
		SolutionGuid = {6379F240-D6F5-430D-8AEC-FEBE8CDEAA60}
	EndGlobalSection
EndGlobal
